
Microsoft Visual Studio Solution File, Format Version 12.00
# Visual Studio Version 16
VisualStudioVersion = 16.0.29926.136
MinimumVisualStudioVersion = 10.0.40219.1
Project("{FAE04EC0-301F-11D3-BF4B-00C04F79EFBC}") = "ConsoleApp", "ConsoleApp\ConsoleApp.csproj", "{EB8740E8-EDBC-4BB0-A665-E68CDB19B7F2}"
EndProject
Global
	GlobalSection(SolutionConfigurationPlatforms) = preSolution
		Debug|Any CPU = Debug|Any CPU
		Release|Any CPU = Release|Any CPU
	EndGlobalSection
	GlobalSection(ProjectConfigurationPlatforms) = postSolution
		{EB8740E8-EDBC-4BB0-A665-E68CDB19B7F2}.Debug|Any CPU.ActiveCfg = Debug|Any CPU
		{EB8740E8-EDBC-4BB0-A665-E68CDB19B7F2}.Debug|Any CPU.Build.0 = Debug|Any CPU
		{EB8740E8-EDBC-4BB0-A665-E68CDB19B7F2}.Release|Any CPU.ActiveCfg = Release|Any CPU
		{EB8740E8-EDBC-4BB0-A665-E68CDB19B7F2}.Release|Any CPU.Build.0 = Release|Any CPU
	EndGlobalSection
	GlobalSection(SolutionProperties) = preSolution
		HideSolutionNode = FALSE
	EndGlobalSection
	GlobalSection(ExtensibilityGlobals) = postSolution
		SolutionGuid = {406D81A4-1B3F-4367-BF6C-A2C9D9F5619E}
	EndGlobalSection
EndGlobal
